// !$*UTF8*$!
{
	archiveVersion = 1;
	classes = {
	};
	objectVersion = 51;
	objects = {

/* Begin PBXBuildFile section */
		05C7C1AEB7F8203FE5FD64CD /* Pods_Flash_Card_Flash_CardUITests.framework in Frameworks */ = {isa = PBXBuildFile; fileRef = 708B984210F598BCE7007182 /* Pods_Flash_Card_Flash_CardUITests.framework */; };
		9007A3FE2649344000DE91E4 /* notificationCardCVcell.swift in Sources */ = {isa = PBXBuildFile; fileRef = 9007A3FC2649344000DE91E4 /* notificationCardCVcell.swift */; };
		9007A3FF2649344000DE91E4 /* notificationCardCVcell.xib in Resources */ = {isa = PBXBuildFile; fileRef = 9007A3FD2649344000DE91E4 /* notificationCardCVcell.xib */; };
		900F60742652CCF0002DB03D /* splashScreenVC.swift in Sources */ = {isa = PBXBuildFile; fileRef = 900F60732652CCF0002DB03D /* splashScreenVC.swift */; };
		901762AD266566D50023CB61 /* PostModel.swift in Sources */ = {isa = PBXBuildFile; fileRef = 901762AC266566D50023CB61 /* PostModel.swift */; };
		901FA516265AAFC5004D0283 /* HomeTabBar.swift in Sources */ = {isa = PBXBuildFile; fileRef = 901FA515265AAFC5004D0283 /* HomeTabBar.swift */; };
		9033B59B2643F74C00D2E9DD /* RoundedImage.swift in Sources */ = {isa = PBXBuildFile; fileRef = 9033B59A2643F74C00D2E9DD /* RoundedImage.swift */; };
		9033B5A82644182400D2E9DD /* NotificationsVC.swift in Sources */ = {isa = PBXBuildFile; fileRef = 9033B5A72644182400D2E9DD /* NotificationsVC.swift */; };
		9033B5AE2644186A00D2E9DD /* NotificationCell.swift in Sources */ = {isa = PBXBuildFile; fileRef = 9033B5AC2644186A00D2E9DD /* NotificationCell.swift */; };
		9033B5AF2644186A00D2E9DD /* NotificationCell.xib in Resources */ = {isa = PBXBuildFile; fileRef = 9033B5AD2644186A00D2E9DD /* NotificationCell.xib */; };
		90346D83261F4D5400A9A058 /* SettingTVCell.swift in Sources */ = {isa = PBXBuildFile; fileRef = 90346D81261F4D5400A9A058 /* SettingTVCell.swift */; };
		90346D84261F4D5400A9A058 /* SettingTVCell.xib in Resources */ = {isa = PBXBuildFile; fileRef = 90346D82261F4D5400A9A058 /* SettingTVCell.xib */; };
		90346D89261F502200A9A058 /* SettingVC.swift in Sources */ = {isa = PBXBuildFile; fileRef = 90346D88261F502200A9A058 /* SettingVC.swift */; };
		905BA47A262C47BE00FBB34C /* innerGroupVC.swift in Sources */ = {isa = PBXBuildFile; fileRef = 905BA479262C47BE00FBB34C /* innerGroupVC.swift */; };
		905BA483262C47F100FBB34C /* InnerGroupHeader.swift in Sources */ = {isa = PBXBuildFile; fileRef = 905BA481262C47F100FBB34C /* InnerGroupHeader.swift */; };
		905BA484262C47F100FBB34C /* InnerGroupHeader.xib in Resources */ = {isa = PBXBuildFile; fileRef = 905BA482262C47F100FBB34C /* InnerGroupHeader.xib */; };
		905BA48B262C482D00FBB34C /* InnerGroupCell.swift in Sources */ = {isa = PBXBuildFile; fileRef = 905BA489262C482D00FBB34C /* InnerGroupCell.swift */; };
		905BA48C262C482D00FBB34C /* InnerGroupCell.xib in Resources */ = {isa = PBXBuildFile; fileRef = 905BA48A262C482D00FBB34C /* InnerGroupCell.xib */; };
		906B137B2691D845005A7B33 /* Config.swift in Sources */ = {isa = PBXBuildFile; fileRef = 906B137A2691D845005A7B33 /* Config.swift */; };
		906B13802691ED39005A7B33 /* API.swift in Sources */ = {isa = PBXBuildFile; fileRef = 906B137F2691ED39005A7B33 /* API.swift */; };
		90715923265D350500995E45 /* Helper.swift in Sources */ = {isa = PBXBuildFile; fileRef = 90715922265D350500995E45 /* Helper.swift */; };
		90715929265D363300995E45 /* CheckConnection.swift in Sources */ = {isa = PBXBuildFile; fileRef = 90715928265D363300995E45 /* CheckConnection.swift */; };
		907397EC261B63B900380516 /* Login.swift in Sources */ = {isa = PBXBuildFile; fileRef = 907397EB261B63B900380516 /* Login.swift */; };
		9086186D2656A38E00ADB13A /* bluelogo.mp4 in Resources */ = {isa = PBXBuildFile; fileRef = 9086186C2656A38E00ADB13A /* bluelogo.mp4 */; };
		9089DD4F269DAEFD0023E3B4 /* LogOutModel.swift in Sources */ = {isa = PBXBuildFile; fileRef = 9089DD4E269DAEFD0023E3B4 /* LogOutModel.swift */; };
		908E47F6261F17980054E45D /* ProfileVC.swift in Sources */ = {isa = PBXBuildFile; fileRef = 908E47F5261F17980054E45D /* ProfileVC.swift */; };
		908E47FE261F17FE0054E45D /* HeaderTVCell.swift in Sources */ = {isa = PBXBuildFile; fileRef = 908E47FC261F17FE0054E45D /* HeaderTVCell.swift */; };
		908E47FF261F17FE0054E45D /* HeaderTVCell.xib in Resources */ = {isa = PBXBuildFile; fileRef = 908E47FD261F17FE0054E45D /* HeaderTVCell.xib */; };
		908E4805261F18AA0054E45D /* ProfieTVCell.swift in Sources */ = {isa = PBXBuildFile; fileRef = 908E4803261F18AA0054E45D /* ProfieTVCell.swift */; };
		908E4806261F18AA0054E45D /* ProfieTVCell.xib in Resources */ = {isa = PBXBuildFile; fileRef = 908E4804261F18AA0054E45D /* ProfieTVCell.xib */; };
		9090032E26285B65002F0D95 /* CreatNewCardVC.swift in Sources */ = {isa = PBXBuildFile; fileRef = 9090032D26285B65002F0D95 /* CreatNewCardVC.swift */; };
		909922D3263EB606003C040D /* FavouritesVC.swift in Sources */ = {isa = PBXBuildFile; fileRef = 909922D0263EB606003C040D /* FavouritesVC.swift */; };
		909922D4263EB606003C040D /* favouritesPlusCell.swift in Sources */ = {isa = PBXBuildFile; fileRef = 909922D1263EB606003C040D /* favouritesPlusCell.swift */; };
		90A9B5C22622F50F00434F43 /* EditProfileVC.swift in Sources */ = {isa = PBXBuildFile; fileRef = 90A9B5C12622F50F00434F43 /* EditProfileVC.swift */; };
		90A9B5C72622F52C00434F43 /* NotificationCenterVC.swift in Sources */ = {isa = PBXBuildFile; fileRef = 90A9B5C62622F52C00434F43 /* NotificationCenterVC.swift */; };
		90A9B5D6262317FF00434F43 /* StatisticsVC.swift in Sources */ = {isa = PBXBuildFile; fileRef = 90A9B5D5262317FE00434F43 /* StatisticsVC.swift */; };
		90A9B5DE2623181D00434F43 /* ContactUsVC.swift in Sources */ = {isa = PBXBuildFile; fileRef = 90A9B5DD2623181D00434F43 /* ContactUsVC.swift */; };
		90A9B5E32623183800434F43 /* AboutUsVC.swift in Sources */ = {isa = PBXBuildFile; fileRef = 90A9B5E22623183800434F43 /* AboutUsVC.swift */; };
		90A9B5E82623184F00434F43 /* ShareAppVC.swift in Sources */ = {isa = PBXBuildFile; fileRef = 90A9B5E72623184F00434F43 /* ShareAppVC.swift */; };
		90A9B5ED2623186600434F43 /* RateAppVC.swift in Sources */ = {isa = PBXBuildFile; fileRef = 90A9B5EC2623186600434F43 /* RateAppVC.swift */; };
		90A9B5F32623188A00434F43 /* SignOutVC.swift in Sources */ = {isa = PBXBuildFile; fileRef = 90A9B5F22623188A00434F43 /* SignOutVC.swift */; };
		90AD0BE126481FE9006FB0EA /* NotificationCardsVC.swift in Sources */ = {isa = PBXBuildFile; fileRef = 90AD0BE026481FE9006FB0EA /* NotificationCardsVC.swift */; };
		90BCC08A2631B7CA00221AB2 /* CardView.swift in Sources */ = {isa = PBXBuildFile; fileRef = 90BCC0892631B7CA00221AB2 /* CardView.swift */; };
		90C34DD7269276B0001302AB /* LoginResponse.swift in Sources */ = {isa = PBXBuildFile; fileRef = 90C34DD6269276B0001302AB /* LoginResponse.swift */; };
		90C34DE8269285C8001302AB /* APIRouter.swift in Sources */ = {isa = PBXBuildFile; fileRef = 90C34DE7269285C8001302AB /* APIRouter.swift */; };
		90CA7635262EF3F300A14331 /* UiCollectionView+Extension.swift in Sources */ = {isa = PBXBuildFile; fileRef = 90CA7634262EF3F300A14331 /* UiCollectionView+Extension.swift */; };
		90CA763B262EF4C000A14331 /* NewCardImageCVCell.swift in Sources */ = {isa = PBXBuildFile; fileRef = 90CA7639262EF4C000A14331 /* NewCardImageCVCell.swift */; };
		90CA763C262EF4C000A14331 /* NewCardImageCVCell.xib in Resources */ = {isa = PBXBuildFile; fileRef = 90CA763A262EF4C000A14331 /* NewCardImageCVCell.xib */; };
		90D59B95261DEDF500F98DAF /* ResetPassword.swift in Sources */ = {isa = PBXBuildFile; fileRef = 90D59B94261DEDF500F98DAF /* ResetPassword.swift */; };
		90D59BB0261E005300F98DAF /* AllPeopleController.swift in Sources */ = {isa = PBXBuildFile; fileRef = 90D59BAF261E005300F98DAF /* AllPeopleController.swift */; };
		90D59BB9261E016300F98DAF /* AllPeopleCell.swift in Sources */ = {isa = PBXBuildFile; fileRef = 90D59BB7261E016300F98DAF /* AllPeopleCell.swift */; };
		90D59BBA261E016300F98DAF /* AllPeopleCell.xib in Resources */ = {isa = PBXBuildFile; fileRef = 90D59BB8261E016300F98DAF /* AllPeopleCell.xib */; };
		90D59BC7261E048100F98DAF /* UITableView+Extensions.swift in Sources */ = {isa = PBXBuildFile; fileRef = 90D59BC6261E048100F98DAF /* UITableView+Extensions.swift */; };
		90DB6C962626DE7100BE9698 /* GroupsVC.swift in Sources */ = {isa = PBXBuildFile; fileRef = 90DB6C952626DE7100BE9698 /* GroupsVC.swift */; };
		90DB6CA62626EB2500BE9698 /* GroupCell.swift in Sources */ = {isa = PBXBuildFile; fileRef = 90DB6CA42626EB2500BE9698 /* GroupCell.swift */; };
		90DB6CA72626EB2500BE9698 /* GroupCell.xib in Resources */ = {isa = PBXBuildFile; fileRef = 90DB6CA52626EB2500BE9698 /* GroupCell.xib */; };
		90DB6CB9262708B100BE9698 /* CreatGroupVC.swift in Sources */ = {isa = PBXBuildFile; fileRef = 90DB6CB8262708B100BE9698 /* CreatGroupVC.swift */; };
		90E13258261B173D005D63AC /* AppDelegate.swift in Sources */ = {isa = PBXBuildFile; fileRef = 90E13257261B173D005D63AC /* AppDelegate.swift */; };
		90E1325A261B173D005D63AC /* SceneDelegate.swift in Sources */ = {isa = PBXBuildFile; fileRef = 90E13259261B173D005D63AC /* SceneDelegate.swift */; };
		90E1325F261B173D005D63AC /* Main.storyboard in Resources */ = {isa = PBXBuildFile; fileRef = 90E1325D261B173D005D63AC /* Main.storyboard */; };
		90E13261261B1743005D63AC /* Assets.xcassets in Resources */ = {isa = PBXBuildFile; fileRef = 90E13260261B1743005D63AC /* Assets.xcassets */; };
		90E13264261B1743005D63AC /* LaunchScreen.storyboard in Resources */ = {isa = PBXBuildFile; fileRef = 90E13262261B1743005D63AC /* LaunchScreen.storyboard */; };
		90E1326F261B1743005D63AC /* MemoriaTests.swift in Sources */ = {isa = PBXBuildFile; fileRef = 90E1326E261B1743005D63AC /* MemoriaTests.swift */; };
		90E1327A261B1743005D63AC /* MemoriaUITests.swift in Sources */ = {isa = PBXBuildFile; fileRef = 90E13279261B1743005D63AC /* MemoriaUITests.swift */; };
		90E13293261B20DA005D63AC /* Style.swift in Sources */ = {isa = PBXBuildFile; fileRef = 90E13292261B20DA005D63AC /* Style.swift */; };
		90E1329B261B2148005D63AC /* Shared.swift in Sources */ = {isa = PBXBuildFile; fileRef = 90E1329A261B2148005D63AC /* Shared.swift */; };
		90E132A3261B216D005D63AC /* EXTAlert.swift in Sources */ = {isa = PBXBuildFile; fileRef = 90E132A2261B216D005D63AC /* EXTAlert.swift */; };
		90E132A8261B218B005D63AC /* EXTEnternet.swift in Sources */ = {isa = PBXBuildFile; fileRef = 90E132A7261B218B005D63AC /* EXTEnternet.swift */; };
		90E132B0261B24B0005D63AC /* CreatNewUser.swift in Sources */ = {isa = PBXBuildFile; fileRef = 90E132AF261B24B0005D63AC /* CreatNewUser.swift */; };
		90EC2B7D261C5D9F00E58E5A /* AllCardsVC.swift in Sources */ = {isa = PBXBuildFile; fileRef = 90EC2B7C261C5D9F00E58E5A /* AllCardsVC.swift */; };
		90EC2B83261C5E3800E58E5A /* AllCardsTVCell.swift in Sources */ = {isa = PBXBuildFile; fileRef = 90EC2B82261C5E3800E58E5A /* AllCardsTVCell.swift */; };
		90F400C4261DDD99005DE9CF /* Localizable.String.strings in Resources */ = {isa = PBXBuildFile; fileRef = 90F400C6261DDD99005DE9CF /* Localizable.String.strings */; };
		90FABD0D264016AB008700D5 /* favouriteCell.swift in Sources */ = {isa = PBXBuildFile; fileRef = 90FABD0C264016AB008700D5 /* favouriteCell.swift */; };
		BBB64E82260F278FA2120C24 /* Pods_Flash_Card.framework in Frameworks */ = {isa = PBXBuildFile; fileRef = E3DC6CBBF9FFE039D67CBCC2 /* Pods_Flash_Card.framework */; };
		CE35782E821A64F10C08B1C2 /* Pods_Flash_CardTests.framework in Frameworks */ = {isa = PBXBuildFile; fileRef = 67598A304A9DF721B60467EA /* Pods_Flash_CardTests.framework */; };
/* End PBXBuildFile section */

/* Begin PBXContainerItemProxy section */
		90E1326B261B1743005D63AC /* PBXContainerItemProxy */ = {
			isa = PBXContainerItemProxy;
			containerPortal = 90E1324C261B173D005D63AC /* Project object */;
			proxyType = 1;
			remoteGlobalIDString = 90E13253261B173D005D63AC;
			remoteInfo = Memoria;
		};
		90E13276261B1743005D63AC /* PBXContainerItemProxy */ = {
			isa = PBXContainerItemProxy;
			containerPortal = 90E1324C261B173D005D63AC /* Project object */;
			proxyType = 1;
			remoteGlobalIDString = 90E13253261B173D005D63AC;
			remoteInfo = Memoria;
		};
/* End PBXContainerItemProxy section */

/* Begin PBXFileReference section */
		16F66B5EFECFC56A23D5E75B /* Pods-Flash Card-Flash CardUITests.release.xcconfig */ = {isa = PBXFileReference; includeInIndex = 1; lastKnownFileType = text.xcconfig; name = "Pods-Flash Card-Flash CardUITests.release.xcconfig"; path = "Target Support Files/Pods-Flash Card-Flash CardUITests/Pods-Flash Card-Flash CardUITests.release.xcconfig"; sourceTree = "<group>"; };
		28759CD2A2C15450B4FF818E /* Pods-Flash Card.debug.xcconfig */ = {isa = PBXFileReference; includeInIndex = 1; lastKnownFileType = text.xcconfig; name = "Pods-Flash Card.debug.xcconfig"; path = "Target Support Files/Pods-Flash Card/Pods-Flash Card.debug.xcconfig"; sourceTree = "<group>"; };
		67598A304A9DF721B60467EA /* Pods_Flash_CardTests.framework */ = {isa = PBXFileReference; explicitFileType = wrapper.framework; includeInIndex = 0; path = Pods_Flash_CardTests.framework; sourceTree = BUILT_PRODUCTS_DIR; };
		6BD834696091B26E9FFB3782 /* Pods-Flash Card.release.xcconfig */ = {isa = PBXFileReference; includeInIndex = 1; lastKnownFileType = text.xcconfig; name = "Pods-Flash Card.release.xcconfig"; path = "Target Support Files/Pods-Flash Card/Pods-Flash Card.release.xcconfig"; sourceTree = "<group>"; };
		708B984210F598BCE7007182 /* Pods_Flash_Card_Flash_CardUITests.framework */ = {isa = PBXFileReference; explicitFileType = wrapper.framework; includeInIndex = 0; path = Pods_Flash_Card_Flash_CardUITests.framework; sourceTree = BUILT_PRODUCTS_DIR; };
		7368510BFF32674EC925C63C /* Pods-Flash CardTests.release.xcconfig */ = {isa = PBXFileReference; includeInIndex = 1; lastKnownFileType = text.xcconfig; name = "Pods-Flash CardTests.release.xcconfig"; path = "Target Support Files/Pods-Flash CardTests/Pods-Flash CardTests.release.xcconfig"; sourceTree = "<group>"; };
		9007A3FC2649344000DE91E4 /* notificationCardCVcell.swift */ = {isa = PBXFileReference; lastKnownFileType = sourcecode.swift; path = notificationCardCVcell.swift; sourceTree = "<group>"; };
		9007A3FD2649344000DE91E4 /* notificationCardCVcell.xib */ = {isa = PBXFileReference; lastKnownFileType = file.xib; path = notificationCardCVcell.xib; sourceTree = "<group>"; };
		900F60732652CCF0002DB03D /* splashScreenVC.swift */ = {isa = PBXFileReference; lastKnownFileType = sourcecode.swift; path = splashScreenVC.swift; sourceTree = "<group>"; };
		901762AC266566D50023CB61 /* PostModel.swift */ = {isa = PBXFileReference; lastKnownFileType = sourcecode.swift; path = PostModel.swift; sourceTree = "<group>"; };
		901FA515265AAFC5004D0283 /* HomeTabBar.swift */ = {isa = PBXFileReference; lastKnownFileType = sourcecode.swift; path = HomeTabBar.swift; sourceTree = "<group>"; };
		9033B59A2643F74C00D2E9DD /* RoundedImage.swift */ = {isa = PBXFileReference; lastKnownFileType = sourcecode.swift; path = RoundedImage.swift; sourceTree = "<group>"; };
		9033B5A72644182400D2E9DD /* NotificationsVC.swift */ = {isa = PBXFileReference; lastKnownFileType = sourcecode.swift; path = NotificationsVC.swift; sourceTree = "<group>"; };
		9033B5AC2644186A00D2E9DD /* NotificationCell.swift */ = {isa = PBXFileReference; lastKnownFileType = sourcecode.swift; path = NotificationCell.swift; sourceTree = "<group>"; };
		9033B5AD2644186A00D2E9DD /* NotificationCell.xib */ = {isa = PBXFileReference; lastKnownFileType = file.xib; path = NotificationCell.xib; sourceTree = "<group>"; };
		90346D81261F4D5400A9A058 /* SettingTVCell.swift */ = {isa = PBXFileReference; lastKnownFileType = sourcecode.swift; path = SettingTVCell.swift; sourceTree = "<group>"; };
		90346D82261F4D5400A9A058 /* SettingTVCell.xib */ = {isa = PBXFileReference; lastKnownFileType = file.xib; path = SettingTVCell.xib; sourceTree = "<group>"; };
		90346D88261F502200A9A058 /* SettingVC.swift */ = {isa = PBXFileReference; lastKnownFileType = sourcecode.swift; path = SettingVC.swift; sourceTree = "<group>"; };
		905BA479262C47BE00FBB34C /* innerGroupVC.swift */ = {isa = PBXFileReference; lastKnownFileType = sourcecode.swift; path = innerGroupVC.swift; sourceTree = "<group>"; };
		905BA481262C47F100FBB34C /* InnerGroupHeader.swift */ = {isa = PBXFileReference; lastKnownFileType = sourcecode.swift; path = InnerGroupHeader.swift; sourceTree = "<group>"; };
		905BA482262C47F100FBB34C /* InnerGroupHeader.xib */ = {isa = PBXFileReference; lastKnownFileType = file.xib; path = InnerGroupHeader.xib; sourceTree = "<group>"; };
		905BA489262C482D00FBB34C /* InnerGroupCell.swift */ = {isa = PBXFileReference; lastKnownFileType = sourcecode.swift; path = InnerGroupCell.swift; sourceTree = "<group>"; };
		905BA48A262C482D00FBB34C /* InnerGroupCell.xib */ = {isa = PBXFileReference; lastKnownFileType = file.xib; path = InnerGroupCell.xib; sourceTree = "<group>"; };
		906B137A2691D845005A7B33 /* Config.swift */ = {isa = PBXFileReference; lastKnownFileType = sourcecode.swift; path = Config.swift; sourceTree = "<group>"; };
		906B137F2691ED39005A7B33 /* API.swift */ = {isa = PBXFileReference; lastKnownFileType = sourcecode.swift; path = API.swift; sourceTree = "<group>"; };
		90715922265D350500995E45 /* Helper.swift */ = {isa = PBXFileReference; lastKnownFileType = sourcecode.swift; path = Helper.swift; sourceTree = "<group>"; };
		90715928265D363300995E45 /* CheckConnection.swift */ = {isa = PBXFileReference; lastKnownFileType = sourcecode.swift; path = CheckConnection.swift; sourceTree = "<group>"; };
		907397EB261B63B900380516 /* Login.swift */ = {isa = PBXFileReference; lastKnownFileType = sourcecode.swift; path = Login.swift; sourceTree = "<group>"; };
		9086186C2656A38E00ADB13A /* bluelogo.mp4 */ = {isa = PBXFileReference; lastKnownFileType = file; path = bluelogo.mp4; sourceTree = "<group>"; };
		9089DD4E269DAEFD0023E3B4 /* LogOutModel.swift */ = {isa = PBXFileReference; lastKnownFileType = sourcecode.swift; path = LogOutModel.swift; sourceTree = "<group>"; };
		908E47F5261F17980054E45D /* ProfileVC.swift */ = {isa = PBXFileReference; lastKnownFileType = sourcecode.swift; path = ProfileVC.swift; sourceTree = "<group>"; };
		908E47FC261F17FE0054E45D /* HeaderTVCell.swift */ = {isa = PBXFileReference; lastKnownFileType = sourcecode.swift; path = HeaderTVCell.swift; sourceTree = "<group>"; };
		908E47FD261F17FE0054E45D /* HeaderTVCell.xib */ = {isa = PBXFileReference; lastKnownFileType = file.xib; path = HeaderTVCell.xib; sourceTree = "<group>"; };
		908E4803261F18AA0054E45D /* ProfieTVCell.swift */ = {isa = PBXFileReference; lastKnownFileType = sourcecode.swift; path = ProfieTVCell.swift; sourceTree = "<group>"; };
		908E4804261F18AA0054E45D /* ProfieTVCell.xib */ = {isa = PBXFileReference; lastKnownFileType = file.xib; path = ProfieTVCell.xib; sourceTree = "<group>"; };
		9090032D26285B65002F0D95 /* CreatNewCardVC.swift */ = {isa = PBXFileReference; lastKnownFileType = sourcecode.swift; path = CreatNewCardVC.swift; sourceTree = "<group>"; };
		909922D0263EB606003C040D /* FavouritesVC.swift */ = {isa = PBXFileReference; lastKnownFileType = sourcecode.swift; path = FavouritesVC.swift; sourceTree = "<group>"; };
		909922D1263EB606003C040D /* favouritesPlusCell.swift */ = {isa = PBXFileReference; lastKnownFileType = sourcecode.swift; path = favouritesPlusCell.swift; sourceTree = "<group>"; };
		90A9B5C12622F50F00434F43 /* EditProfileVC.swift */ = {isa = PBXFileReference; lastKnownFileType = sourcecode.swift; path = EditProfileVC.swift; sourceTree = "<group>"; };
		90A9B5C62622F52C00434F43 /* NotificationCenterVC.swift */ = {isa = PBXFileReference; lastKnownFileType = sourcecode.swift; path = NotificationCenterVC.swift; sourceTree = "<group>"; };
		90A9B5D5262317FE00434F43 /* StatisticsVC.swift */ = {isa = PBXFileReference; lastKnownFileType = sourcecode.swift; path = StatisticsVC.swift; sourceTree = "<group>"; };
		90A9B5DD2623181D00434F43 /* ContactUsVC.swift */ = {isa = PBXFileReference; lastKnownFileType = sourcecode.swift; path = ContactUsVC.swift; sourceTree = "<group>"; };
		90A9B5E22623183800434F43 /* AboutUsVC.swift */ = {isa = PBXFileReference; lastKnownFileType = sourcecode.swift; path = AboutUsVC.swift; sourceTree = "<group>"; };
		90A9B5E72623184F00434F43 /* ShareAppVC.swift */ = {isa = PBXFileReference; lastKnownFileType = sourcecode.swift; path = ShareAppVC.swift; sourceTree = "<group>"; };
		90A9B5EC2623186600434F43 /* RateAppVC.swift */ = {isa = PBXFileReference; lastKnownFileType = sourcecode.swift; path = RateAppVC.swift; sourceTree = "<group>"; };
		90A9B5F22623188A00434F43 /* SignOutVC.swift */ = {isa = PBXFileReference; lastKnownFileType = sourcecode.swift; path = SignOutVC.swift; sourceTree = "<group>"; };
		90AD0BE026481FE9006FB0EA /* NotificationCardsVC.swift */ = {isa = PBXFileReference; lastKnownFileType = sourcecode.swift; path = NotificationCardsVC.swift; sourceTree = "<group>"; };
		90BCC0892631B7CA00221AB2 /* CardView.swift */ = {isa = PBXFileReference; lastKnownFileType = sourcecode.swift; path = CardView.swift; sourceTree = "<group>"; };
		90C34DD6269276B0001302AB /* LoginResponse.swift */ = {isa = PBXFileReference; lastKnownFileType = sourcecode.swift; path = LoginResponse.swift; sourceTree = "<group>"; };
		90C34DE7269285C8001302AB /* APIRouter.swift */ = {isa = PBXFileReference; lastKnownFileType = sourcecode.swift; path = APIRouter.swift; sourceTree = "<group>"; };
		90CA7634262EF3F300A14331 /* UiCollectionView+Extension.swift */ = {isa = PBXFileReference; lastKnownFileType = sourcecode.swift; path = "UiCollectionView+Extension.swift"; sourceTree = "<group>"; };
		90CA7639262EF4C000A14331 /* NewCardImageCVCell.swift */ = {isa = PBXFileReference; lastKnownFileType = sourcecode.swift; path = NewCardImageCVCell.swift; sourceTree = "<group>"; };
		90CA763A262EF4C000A14331 /* NewCardImageCVCell.xib */ = {isa = PBXFileReference; lastKnownFileType = file.xib; path = NewCardImageCVCell.xib; sourceTree = "<group>"; };
		90D59B94261DEDF500F98DAF /* ResetPassword.swift */ = {isa = PBXFileReference; lastKnownFileType = sourcecode.swift; path = ResetPassword.swift; sourceTree = "<group>"; };
		90D59BAF261E005300F98DAF /* AllPeopleController.swift */ = {isa = PBXFileReference; lastKnownFileType = sourcecode.swift; path = AllPeopleController.swift; sourceTree = "<group>"; };
		90D59BB7261E016300F98DAF /* AllPeopleCell.swift */ = {isa = PBXFileReference; lastKnownFileType = sourcecode.swift; path = AllPeopleCell.swift; sourceTree = "<group>"; };
		90D59BB8261E016300F98DAF /* AllPeopleCell.xib */ = {isa = PBXFileReference; lastKnownFileType = file.xib; path = AllPeopleCell.xib; sourceTree = "<group>"; };
		90D59BC6261E048100F98DAF /* UITableView+Extensions.swift */ = {isa = PBXFileReference; lastKnownFileType = sourcecode.swift; path = "UITableView+Extensions.swift"; sourceTree = "<group>"; };
		90DB6C952626DE7100BE9698 /* GroupsVC.swift */ = {isa = PBXFileReference; lastKnownFileType = sourcecode.swift; path = GroupsVC.swift; sourceTree = "<group>"; };
		90DB6CA42626EB2500BE9698 /* GroupCell.swift */ = {isa = PBXFileReference; lastKnownFileType = sourcecode.swift; path = GroupCell.swift; sourceTree = "<group>"; };
		90DB6CA52626EB2500BE9698 /* GroupCell.xib */ = {isa = PBXFileReference; lastKnownFileType = file.xib; path = GroupCell.xib; sourceTree = "<group>"; };
		90DB6CB8262708B100BE9698 /* CreatGroupVC.swift */ = {isa = PBXFileReference; lastKnownFileType = sourcecode.swift; path = CreatGroupVC.swift; sourceTree = "<group>"; };
		90E13254261B173D005D63AC /* Flash Card.app */ = {isa = PBXFileReference; explicitFileType = wrapper.application; includeInIndex = 0; path = "Flash Card.app"; sourceTree = BUILT_PRODUCTS_DIR; };
		90E13257261B173D005D63AC /* AppDelegate.swift */ = {isa = PBXFileReference; lastKnownFileType = sourcecode.swift; path = AppDelegate.swift; sourceTree = "<group>"; };
		90E13259261B173D005D63AC /* SceneDelegate.swift */ = {isa = PBXFileReference; lastKnownFileType = sourcecode.swift; path = SceneDelegate.swift; sourceTree = "<group>"; };
		90E1325E261B173D005D63AC /* Base */ = {isa = PBXFileReference; lastKnownFileType = file.storyboard; name = Base; path = Base.lproj/Main.storyboard; sourceTree = "<group>"; };
		90E13260261B1743005D63AC /* Assets.xcassets */ = {isa = PBXFileReference; lastKnownFileType = folder.assetcatalog; path = Assets.xcassets; sourceTree = "<group>"; };
		90E13263261B1743005D63AC /* Base */ = {isa = PBXFileReference; lastKnownFileType = file.storyboard; name = Base; path = Base.lproj/LaunchScreen.storyboard; sourceTree = "<group>"; };
		90E13265261B1743005D63AC /* Info.plist */ = {isa = PBXFileReference; lastKnownFileType = text.plist.xml; path = Info.plist; sourceTree = "<group>"; };
		90E1326A261B1743005D63AC /* Flash CardTests.xctest */ = {isa = PBXFileReference; explicitFileType = wrapper.cfbundle; includeInIndex = 0; path = "Flash CardTests.xctest"; sourceTree = BUILT_PRODUCTS_DIR; };
		90E1326E261B1743005D63AC /* MemoriaTests.swift */ = {isa = PBXFileReference; lastKnownFileType = sourcecode.swift; path = MemoriaTests.swift; sourceTree = "<group>"; };
		90E13270261B1743005D63AC /* Info.plist */ = {isa = PBXFileReference; lastKnownFileType = text.plist.xml; path = Info.plist; sourceTree = "<group>"; };
		90E13275261B1743005D63AC /* Flash CardUITests.xctest */ = {isa = PBXFileReference; explicitFileType = wrapper.cfbundle; includeInIndex = 0; path = "Flash CardUITests.xctest"; sourceTree = BUILT_PRODUCTS_DIR; };
		90E13279261B1743005D63AC /* MemoriaUITests.swift */ = {isa = PBXFileReference; lastKnownFileType = sourcecode.swift; path = MemoriaUITests.swift; sourceTree = "<group>"; };
		90E1327B261B1743005D63AC /* Info.plist */ = {isa = PBXFileReference; lastKnownFileType = text.plist.xml; path = Info.plist; sourceTree = "<group>"; };
		90E13292261B20DA005D63AC /* Style.swift */ = {isa = PBXFileReference; lastKnownFileType = sourcecode.swift; path = Style.swift; sourceTree = "<group>"; };
		90E1329A261B2148005D63AC /* Shared.swift */ = {isa = PBXFileReference; lastKnownFileType = sourcecode.swift; path = Shared.swift; sourceTree = "<group>"; };
		90E132A2261B216D005D63AC /* EXTAlert.swift */ = {isa = PBXFileReference; lastKnownFileType = sourcecode.swift; path = EXTAlert.swift; sourceTree = "<group>"; };
		90E132A7261B218B005D63AC /* EXTEnternet.swift */ = {isa = PBXFileReference; lastKnownFileType = sourcecode.swift; path = EXTEnternet.swift; sourceTree = "<group>"; };
		90E132AF261B24B0005D63AC /* CreatNewUser.swift */ = {isa = PBXFileReference; lastKnownFileType = sourcecode.swift; path = CreatNewUser.swift; sourceTree = "<group>"; };
		90EC2B7C261C5D9F00E58E5A /* AllCardsVC.swift */ = {isa = PBXFileReference; lastKnownFileType = sourcecode.swift; path = AllCardsVC.swift; sourceTree = "<group>"; };
		90EC2B82261C5E3800E58E5A /* AllCardsTVCell.swift */ = {isa = PBXFileReference; lastKnownFileType = sourcecode.swift; path = AllCardsTVCell.swift; sourceTree = "<group>"; };
		90F400BF261DDD77005DE9CF /* ar */ = {isa = PBXFileReference; lastKnownFileType = text.plist.strings; name = ar; path = ar.lproj/LaunchScreen.strings; sourceTree = "<group>"; };
		90F400C0261DDD77005DE9CF /* ar */ = {isa = PBXFileReference; lastKnownFileType = text.plist.strings; name = ar; path = ar.lproj/Main.strings; sourceTree = "<group>"; };
		90F400C5261DDD99005DE9CF /* en */ = {isa = PBXFileReference; lastKnownFileType = text.plist.strings; name = en; path = en.lproj/Localizable.String.strings; sourceTree = "<group>"; };
		90F400C7261DDDA1005DE9CF /* ar */ = {isa = PBXFileReference; lastKnownFileType = text.plist.strings; name = ar; path = ar.lproj/Localizable.String.strings; sourceTree = "<group>"; };
		90F400CB261DDF1D005DE9CF /* segoeuii.ttf */ = {isa = PBXFileReference; lastKnownFileType = file; path = segoeuii.ttf; sourceTree = "<group>"; };
		90F400CC261DDF1D005DE9CF /* segoeuiz.ttf */ = {isa = PBXFileReference; lastKnownFileType = file; path = segoeuiz.ttf; sourceTree = "<group>"; };
		90F400CD261DDF1D005DE9CF /* SEGOEUI.TTF */ = {isa = PBXFileReference; lastKnownFileType = file; path = SEGOEUI.TTF; sourceTree = "<group>"; };
		90F400D1261DE0C6005DE9CF /* SEGOEUIB.TTF */ = {isa = PBXFileReference; lastKnownFileType = file; path = SEGOEUIB.TTF; sourceTree = "<group>"; };
		90FABD0C264016AB008700D5 /* favouriteCell.swift */ = {isa = PBXFileReference; lastKnownFileType = sourcecode.swift; path = favouriteCell.swift; sourceTree = "<group>"; };
		B076471A52A65A3CBB6F2E1C /* Pods-Flash Card-Flash CardUITests.debug.xcconfig */ = {isa = PBXFileReference; includeInIndex = 1; lastKnownFileType = text.xcconfig; name = "Pods-Flash Card-Flash CardUITests.debug.xcconfig"; path = "Target Support Files/Pods-Flash Card-Flash CardUITests/Pods-Flash Card-Flash CardUITests.debug.xcconfig"; sourceTree = "<group>"; };
		E3DC6CBBF9FFE039D67CBCC2 /* Pods_Flash_Card.framework */ = {isa = PBXFileReference; explicitFileType = wrapper.framework; includeInIndex = 0; path = Pods_Flash_Card.framework; sourceTree = BUILT_PRODUCTS_DIR; };
		FFA8C32352E94761DF86EB44 /* Pods-Flash CardTests.debug.xcconfig */ = {isa = PBXFileReference; includeInIndex = 1; lastKnownFileType = text.xcconfig; name = "Pods-Flash CardTests.debug.xcconfig"; path = "Target Support Files/Pods-Flash CardTests/Pods-Flash CardTests.debug.xcconfig"; sourceTree = "<group>"; };
/* End PBXFileReference section */

/* Begin PBXFrameworksBuildPhase section */
		90E13251261B173D005D63AC /* Frameworks */ = {
			isa = PBXFrameworksBuildPhase;
			buildActionMask = 2147483647;
			files = (
				BBB64E82260F278FA2120C24 /* Pods_Flash_Card.framework in Frameworks */,
			);
			runOnlyForDeploymentPostprocessing = 0;
		};
		90E13267261B1743005D63AC /* Frameworks */ = {
			isa = PBXFrameworksBuildPhase;
			buildActionMask = 2147483647;
			files = (
				CE35782E821A64F10C08B1C2 /* Pods_Flash_CardTests.framework in Frameworks */,
			);
			runOnlyForDeploymentPostprocessing = 0;
		};
		90E13272261B1743005D63AC /* Frameworks */ = {
			isa = PBXFrameworksBuildPhase;
			buildActionMask = 2147483647;
			files = (
				05C7C1AEB7F8203FE5FD64CD /* Pods_Flash_Card_Flash_CardUITests.framework in Frameworks */,
			);
			runOnlyForDeploymentPostprocessing = 0;
		};
/* End PBXFrameworksBuildPhase section */

/* Begin PBXGroup section */
		059BA24DE65C4071F6F9E119 /* Frameworks */ = {
			isa = PBXGroup;
			children = (
				E3DC6CBBF9FFE039D67CBCC2 /* Pods_Flash_Card.framework */,
				708B984210F598BCE7007182 /* Pods_Flash_Card_Flash_CardUITests.framework */,
				67598A304A9DF721B60467EA /* Pods_Flash_CardTests.framework */,
			);
			name = Frameworks;
			sourceTree = "<group>";
		};
		9007A3F82649333D00DE91E4 /* notification TVcell */ = {
			isa = PBXGroup;
			children = (
				9033B5AC2644186A00D2E9DD /* NotificationCell.swift */,
				9033B5AD2644186A00D2E9DD /* NotificationCell.xib */,
			);
			path = "notification TVcell";
			sourceTree = "<group>";
		};
		9015D04C26496F9C003926A9 /* notificationVC */ = {
			isa = PBXGroup;
			children = (
				9033B5A72644182400D2E9DD /* NotificationsVC.swift */,
				90AD0BE026481FE9006FB0EA /* NotificationCardsVC.swift */,
			);
			path = notificationVC;
			sourceTree = "<group>";
		};
		9015D05026496FD7003926A9 /* allPeopleTVcell */ = {
			isa = PBXGroup;
			children = (
				90D59BB7261E016300F98DAF /* AllPeopleCell.swift */,
				90D59BB8261E016300F98DAF /* AllPeopleCell.xib */,
			);
			path = allPeopleTVcell;
			sourceTree = "<group>";
		};
		9015D05726496FEC003926A9 /* allPeopleVC */ = {
			isa = PBXGroup;
			children = (
				90D59BAF261E005300F98DAF /* AllPeopleController.swift */,
			);
			path = allPeopleVC;
			sourceTree = "<group>";
		};
		9015D05E26497070003926A9 /* Settinglist TVcell */ = {
			isa = PBXGroup;
			children = (
				90346D81261F4D5400A9A058 /* SettingTVCell.swift */,
				90346D82261F4D5400A9A058 /* SettingTVCell.xib */,
			);
			name = "Settinglist TVcell";
			sourceTree = "<group>";
		};
		9015D06526497088003926A9 /* settingListVC */ = {
			isa = PBXGroup;
			children = (
				90346D88261F502200A9A058 /* SettingVC.swift */,
			);
			name = settingListVC;
			sourceTree = "<group>";
		};
		9015D06C264970A9003926A9 /* groupTVcell */ = {
			isa = PBXGroup;
			children = (
				90DB6CA42626EB2500BE9698 /* GroupCell.swift */,
				90DB6CA52626EB2500BE9698 /* GroupCell.xib */,
			);
			name = groupTVcell;
			sourceTree = "<group>";
		};
		9015D070264970C4003926A9 /* groupsVC */ = {
			isa = PBXGroup;
			children = (
				90DB6C952626DE7100BE9698 /* GroupsVC.swift */,
			);
			name = groupsVC;
			sourceTree = "<group>";
		};
		9015D077264970E7003926A9 /* insideGroupVC */ = {
			isa = PBXGroup;
			children = (
				905BA479262C47BE00FBB34C /* innerGroupVC.swift */,
			);
			name = insideGroupVC;
			sourceTree = "<group>";
		};
		9015D08126497104003926A9 /* favouritesCell */ = {
			isa = PBXGroup;
			children = (
				909922D1263EB606003C040D /* favouritesPlusCell.swift */,
				90FABD0C264016AB008700D5 /* favouriteCell.swift */,
			);
			path = favouritesCell;
			sourceTree = "<group>";
		};
		9015D08B26497114003926A9 /* favouritesVC */ = {
			isa = PBXGroup;
			children = (
				909922D0263EB606003C040D /* FavouritesVC.swift */,
			);
			path = favouritesVC;
			sourceTree = "<group>";
		};
		9015D09226497133003926A9 /* EditProfileVC */ = {
			isa = PBXGroup;
			children = (
				90A9B5C12622F50F00434F43 /* EditProfileVC.swift */,
			);
			name = EditProfileVC;
			sourceTree = "<group>";
		};
		9015D09626497143003926A9 /* notificationSettingCenter */ = {
			isa = PBXGroup;
			children = (
				90A9B5C62622F52C00434F43 /* NotificationCenterVC.swift */,
			);
			name = notificationSettingCenter;
			sourceTree = "<group>";
		};
		9015D09D2649715B003926A9 /* statisticsVC */ = {
			isa = PBXGroup;
			children = (
				90A9B5D5262317FE00434F43 /* StatisticsVC.swift */,
			);
			name = statisticsVC;
			sourceTree = "<group>";
		};
		9015D0A426497169003926A9 /* contactUsVC */ = {
			isa = PBXGroup;
			children = (
				90A9B5DD2623181D00434F43 /* ContactUsVC.swift */,
			);
			name = contactUsVC;
			sourceTree = "<group>";
		};
		9015D0AE2649717B003926A9 /* aboutUsVC */ = {
			isa = PBXGroup;
			children = (
				90A9B5E22623183800434F43 /* AboutUsVC.swift */,
			);
			name = aboutUsVC;
			sourceTree = "<group>";
		};
		9015D0B22649718A003926A9 /* ShareAppVC */ = {
			isa = PBXGroup;
			children = (
				905BA481262C47F100FBB34C /* InnerGroupHeader.swift */,
				90A9B5E72623184F00434F43 /* ShareAppVC.swift */,
			);
			name = ShareAppVC;
			sourceTree = "<group>";
		};
		9015D0BC2649719B003926A9 /* rateAppVC */ = {
			isa = PBXGroup;
			children = (
				90A9B5EC2623186600434F43 /* RateAppVC.swift */,
			);
			name = rateAppVC;
			sourceTree = "<group>";
		};
		9015D0C0264971B4003926A9 /* signOutVC */ = {
			isa = PBXGroup;
			children = (
				90A9B5F22623188A00434F43 /* SignOutVC.swift */,
			);
			name = signOutVC;
			sourceTree = "<group>";
		};
		9033B5A6264417D800D2E9DD /* Notifications list */ = {
			isa = PBXGroup;
			children = (
				9015D04C26496F9C003926A9 /* notificationVC */,
				9007A3F82649333D00DE91E4 /* notification TVcell */,
				90AD0BDF26481F9F006FB0EA /*  notificationCard CVcell */,
			);
			path = "Notifications list";
			sourceTree = "<group>";
		};
		905BA478262C478D00FBB34C /* innerGroup */ = {
			isa = PBXGroup;
			children = (
				9015D077264970E7003926A9 /* insideGroupVC */,
				905BA488262C480300FBB34C /* Header */,
				905BA490262C483700FBB34C /* Cell */,
			);
			name = innerGroup;
			sourceTree = "<group>";
		};
		905BA488262C480300FBB34C /* Header */ = {
			isa = PBXGroup;
			children = (
				905BA482262C47F100FBB34C /* InnerGroupHeader.xib */,
			);
			name = Header;
			sourceTree = "<group>";
		};
		905BA490262C483700FBB34C /* Cell */ = {
			isa = PBXGroup;
			children = (
				905BA489262C482D00FBB34C /* InnerGroupCell.swift */,
				905BA48A262C482D00FBB34C /* InnerGroupCell.xib */,
			);
			name = Cell;
			sourceTree = "<group>";
		};
		9086185A26569FF800ADB13A /* splashScreen */ = {
			isa = PBXGroup;
			children = (
				900F60732652CCF0002DB03D /* splashScreenVC.swift */,
			);
			path = splashScreen;
			sourceTree = "<group>";
		};
		908E47FA261F17A50054E45D /* Header */ = {
			isa = PBXGroup;
			children = (
				908E47FC261F17FE0054E45D /* HeaderTVCell.swift */,
				908E47FD261F17FE0054E45D /* HeaderTVCell.xib */,
			);
			path = Header;
			sourceTree = "<group>";
		};
		908E47FB261F17B80054E45D /* Cell */ = {
			isa = PBXGroup;
			children = (
				908E4803261F18AA0054E45D /* ProfieTVCell.swift */,
				908E4804261F18AA0054E45D /* ProfieTVCell.xib */,
			);
			path = Cell;
			sourceTree = "<group>";
		};
		909922DB263EB61C003C040D /* favourites */ = {
			isa = PBXGroup;
			children = (
				9015D08B26497114003926A9 /* favouritesVC */,
				9015D08126497104003926A9 /* favouritesCell */,
			);
			name = favourites;
			path = "Setting list";
			sourceTree = "<group>";
		};
		90A9B5F12623187200434F43 /* Setting list */ = {
			isa = PBXGroup;
			children = (
				9015D06526497088003926A9 /* settingListVC */,
				9015D05E26497070003926A9 /* Settinglist TVcell */,
				90DB6CA32626EABD00BE9698 /* Groups */,
				9015D09226497133003926A9 /* EditProfileVC */,
				9015D09626497143003926A9 /* notificationSettingCenter */,
				9015D09D2649715B003926A9 /* statisticsVC */,
				9015D0A426497169003926A9 /* contactUsVC */,
				9015D0AE2649717B003926A9 /* aboutUsVC */,
				9015D0B22649718A003926A9 /* ShareAppVC */,
				9015D0BC2649719B003926A9 /* rateAppVC */,
				9015D0C0264971B4003926A9 /* signOutVC */,
			);
			path = "Setting list";
			sourceTree = "<group>";
		};
		90AD0BDF26481F9F006FB0EA /*  notificationCard CVcell */ = {
			isa = PBXGroup;
			children = (
				9007A3FC2649344000DE91E4 /* notificationCardCVcell.swift */,
				9007A3FD2649344000DE91E4 /* notificationCardCVcell.xib */,
			);
			path = " notificationCard CVcell";
			sourceTree = "<group>";
		};
		90C624D426482CFB00C5E2CE /* cardsCVCell */ = {
			isa = PBXGroup;
			children = (
				90CA7639262EF4C000A14331 /* NewCardImageCVCell.swift */,
				90CA763A262EF4C000A14331 /* NewCardImageCVCell.xib */,
			);
			path = cardsCVCell;
			sourceTree = "<group>";
		};
		90C624D826482D8200C5E2CE /* gotoCreatNewCard */ = {
			isa = PBXGroup;
			children = (
				9090032D26285B65002F0D95 /* CreatNewCardVC.swift */,
			);
			path = gotoCreatNewCard;
			sourceTree = "<group>";
		};
		90D59B99261DFBE500F98DAF /* All Cards */ = {
			isa = PBXGroup;
			children = (
				90EC2B7C261C5D9F00E58E5A /* AllCardsVC.swift */,
				90EC2B82261C5E3800E58E5A /* AllCardsTVCell.swift */,
				90C624D826482D8200C5E2CE /* gotoCreatNewCard */,
				90C624D426482CFB00C5E2CE /* cardsCVCell */,
			);
			path = "All Cards";
			sourceTree = "<group>";
		};
		90D59BA0261DFC1F00F98DAF /* Setting */ = {
			isa = PBXGroup;
			children = (
				90A9B5F12623187200434F43 /* Setting list */,
				909922DB263EB61C003C040D /* favourites */,
			);
			path = Setting;
			sourceTree = "<group>";
		};
		90D59BA1261DFC3C00F98DAF /* Profile */ = {
			isa = PBXGroup;
			children = (
				908E47F5261F17980054E45D /* ProfileVC.swift */,
				908E47FA261F17A50054E45D /* Header */,
				908E47FB261F17B80054E45D /* Cell */,
			);
			path = Profile;
			sourceTree = "<group>";
		};
		90DB6CA32626EABD00BE9698 /* Groups */ = {
			isa = PBXGroup;
			children = (
				90DB6CB8262708B100BE9698 /* CreatGroupVC.swift */,
				9015D070264970C4003926A9 /* groupsVC */,
				9015D06C264970A9003926A9 /* groupTVcell */,
				905BA478262C478D00FBB34C /* innerGroup */,
			);
			name = Groups;
			sourceTree = "<group>";
		};
		90E1324B261B173D005D63AC = {
			isa = PBXGroup;
			children = (
				90E13256261B173D005D63AC /* Flash Card */,
				90E1326D261B1743005D63AC /* FlashCardTests */,
				90E13278261B1743005D63AC /* FlashCardUITests */,
				90E13255261B173D005D63AC /* Products */,
				F7C72F99EFABE072450AE760 /* Pods */,
				059BA24DE65C4071F6F9E119 /* Frameworks */,
			);
			sourceTree = "<group>";
		};
		90E13255261B173D005D63AC /* Products */ = {
			isa = PBXGroup;
			children = (
				90E13254261B173D005D63AC /* Flash Card.app */,
				90E1326A261B1743005D63AC /* Flash CardTests.xctest */,
				90E13275261B1743005D63AC /* Flash CardUITests.xctest */,
			);
			name = Products;
			sourceTree = "<group>";
		};
		90E13256261B173D005D63AC /* Flash Card */ = {
			isa = PBXGroup;
			children = (
				90E13257261B173D005D63AC /* AppDelegate.swift */,
				90E13259261B173D005D63AC /* SceneDelegate.swift */,
				9086186C2656A38E00ADB13A /* bluelogo.mp4 */,
				90E1328F261B1B3A005D63AC /* Services */,
				90E1328E261B1B32005D63AC /* Model */,
				90E1328D261B1B2C005D63AC /* View */,
				90E1328C261B1B27005D63AC /* Controller */,
				90E1328A261B1B09005D63AC /* FileSupport */,
				90E13265261B1743005D63AC /* Info.plist */,
			);
			path = "Flash Card";
			sourceTree = "<group>";
		};
		90E1326D261B1743005D63AC /* FlashCardTests */ = {
			isa = PBXGroup;
			children = (
				90E1326E261B1743005D63AC /* MemoriaTests.swift */,
				90E13270261B1743005D63AC /* Info.plist */,
			);
			path = FlashCardTests;
			sourceTree = "<group>";
		};
		90E13278261B1743005D63AC /* FlashCardUITests */ = {
			isa = PBXGroup;
			children = (
				90E13279261B1743005D63AC /* MemoriaUITests.swift */,
				90E1327B261B1743005D63AC /* Info.plist */,
			);
			path = FlashCardUITests;
			sourceTree = "<group>";
		};
		90E1328A261B1B09005D63AC /* FileSupport */ = {
			isa = PBXGroup;
			children = (
				90E1328B261B1B1F005D63AC /* Extentions */,
				90F400D1261DE0C6005DE9CF /* SEGOEUIB.TTF */,
				90F400CD261DDF1D005DE9CF /* SEGOEUI.TTF */,
				90F400CB261DDF1D005DE9CF /* segoeuii.ttf */,
				90F400CC261DDF1D005DE9CF /* segoeuiz.ttf */,
				90E13260261B1743005D63AC /* Assets.xcassets */,
				90F400C6261DDD99005DE9CF /* Localizable.String.strings */,
			);
			path = FileSupport;
			sourceTree = "<group>";
		};
		90E1328B261B1B1F005D63AC /* Extentions */ = {
			isa = PBXGroup;
			children = (
				90715922265D350500995E45 /* Helper.swift */,
				90715928265D363300995E45 /* CheckConnection.swift */,
				90E13292261B20DA005D63AC /* Style.swift */,
				90E1329A261B2148005D63AC /* Shared.swift */,
				90E132A2261B216D005D63AC /* EXTAlert.swift */,
				90E132A7261B218B005D63AC /* EXTEnternet.swift */,
				90D59BC6261E048100F98DAF /* UITableView+Extensions.swift */,
				90CA7634262EF3F300A14331 /* UiCollectionView+Extension.swift */,
				90BCC0892631B7CA00221AB2 /* CardView.swift */,
				9033B59A2643F74C00D2E9DD /* RoundedImage.swift */,
			);
			path = Extentions;
			sourceTree = "<group>";
		};
		90E1328C261B1B27005D63AC /* Controller */ = {
			isa = PBXGroup;
			children = (
				9086185A26569FF800ADB13A /* splashScreen */,
				90E13291261B1C21005D63AC /* Auth */,
				90E13290261B1BF0005D63AC /* Home */,
				90EC2B78261C5CAD00E58E5A /* Tap Bar */,
			);
			path = Controller;
			sourceTree = "<group>";
		};
		90E1328D261B1B2C005D63AC /* View */ = {
			isa = PBXGroup;
			children = (
				90E13262261B1743005D63AC /* LaunchScreen.storyboard */,
				90E1325D261B173D005D63AC /* Main.storyboard */,
			);
			path = View;
			sourceTree = "<group>";
		};
		90E1328E261B1B32005D63AC /* Model */ = {
			isa = PBXGroup;
			children = (
				901762AC266566D50023CB61 /* PostModel.swift */,
				90C34DD6269276B0001302AB /* LoginResponse.swift */,
				9089DD4E269DAEFD0023E3B4 /* LogOutModel.swift */,
			);
			path = Model;
			sourceTree = "<group>";
		};
		90E1328F261B1B3A005D63AC /* Services */ = {
			isa = PBXGroup;
			children = (
				906B137A2691D845005A7B33 /* Config.swift */,
				906B137F2691ED39005A7B33 /* API.swift */,
				90C34DE7269285C8001302AB /* APIRouter.swift */,
			);
			path = Services;
			sourceTree = "<group>";
		};
		90E13290261B1BF0005D63AC /* Home */ = {
			isa = PBXGroup;
			children = (
				90E132AF261B24B0005D63AC /* CreatNewUser.swift */,
				907397EB261B63B900380516 /* Login.swift */,
				90D59B94261DEDF500F98DAF /* ResetPassword.swift */,
			);
			path = Home;
			sourceTree = "<group>";
		};
		90E13291261B1C21005D63AC /* Auth */ = {
			isa = PBXGroup;
			children = (
			);
			path = Auth;
			sourceTree = "<group>";
		};
		90EC2B78261C5CAD00E58E5A /* Tap Bar */ = {
			isa = PBXGroup;
			children = (
				901FA515265AAFC5004D0283 /* HomeTabBar.swift */,
				90D59B99261DFBE500F98DAF /* All Cards */,
				90EC2B81261C5DAB00E58E5A /* All People */,
				90D59BA1261DFC3C00F98DAF /* Profile */,
				9033B5A6264417D800D2E9DD /* Notifications list */,
				90D59BA0261DFC1F00F98DAF /* Setting */,
			);
			path = "Tap Bar";
			sourceTree = "<group>";
		};
		90EC2B81261C5DAB00E58E5A /* All People */ = {
			isa = PBXGroup;
			children = (
				9015D05726496FEC003926A9 /* allPeopleVC */,
				9015D05026496FD7003926A9 /* allPeopleTVcell */,
			);
			path = "All People";
			sourceTree = "<group>";
		};
		F7C72F99EFABE072450AE760 /* Pods */ = {
			isa = PBXGroup;
			children = (
				28759CD2A2C15450B4FF818E /* Pods-Flash Card.debug.xcconfig */,
				6BD834696091B26E9FFB3782 /* Pods-Flash Card.release.xcconfig */,
				B076471A52A65A3CBB6F2E1C /* Pods-Flash Card-Flash CardUITests.debug.xcconfig */,
				16F66B5EFECFC56A23D5E75B /* Pods-Flash Card-Flash CardUITests.release.xcconfig */,
				FFA8C32352E94761DF86EB44 /* Pods-Flash CardTests.debug.xcconfig */,
				7368510BFF32674EC925C63C /* Pods-Flash CardTests.release.xcconfig */,
			);
			path = Pods;
			sourceTree = "<group>";
		};
/* End PBXGroup section */

/* Begin PBXNativeTarget section */
		90E13253261B173D005D63AC /* Flash Card */ = {
			isa = PBXNativeTarget;
			buildConfigurationList = 90E1327E261B1744005D63AC /* Build configuration list for PBXNativeTarget "Flash Card" */;
			buildPhases = (
				D5C233A0101319ACB5739973 /* [CP] Check Pods Manifest.lock */,
				90E13250261B173D005D63AC /* Sources */,
				90E13251261B173D005D63AC /* Frameworks */,
				90E13252261B173D005D63AC /* Resources */,
				04E8CD3B0A4D9EE5A32786FB /* [CP] Embed Pods Frameworks */,
			);
			buildRules = (
			);
			dependencies = (
			);
			name = "Flash Card";
			productName = Memoria;
			productReference = 90E13254261B173D005D63AC /* Flash Card.app */;
			productType = "com.apple.product-type.application";
		};
		90E13269261B1743005D63AC /* Flash CardTests */ = {
			isa = PBXNativeTarget;
			buildConfigurationList = 90E13281261B1744005D63AC /* Build configuration list for PBXNativeTarget "Flash CardTests" */;
			buildPhases = (
				D3ED1FC536B39A39764D4047 /* [CP] Check Pods Manifest.lock */,
				90E13266261B1743005D63AC /* Sources */,
				90E13267261B1743005D63AC /* Frameworks */,
				90E13268261B1743005D63AC /* Resources */,
			);
			buildRules = (
			);
			dependencies = (
				90E1326C261B1743005D63AC /* PBXTargetDependency */,
			);
			name = "Flash CardTests";
			productName = MemoriaTests;
			productReference = 90E1326A261B1743005D63AC /* Flash CardTests.xctest */;
			productType = "com.apple.product-type.bundle.unit-test";
		};
		90E13274261B1743005D63AC /* Flash CardUITests */ = {
			isa = PBXNativeTarget;
			buildConfigurationList = 90E13284261B1744005D63AC /* Build configuration list for PBXNativeTarget "Flash CardUITests" */;
			buildPhases = (
				6DF184DB6EB24888E192B1AE /* [CP] Check Pods Manifest.lock */,
				90E13271261B1743005D63AC /* Sources */,
				90E13272261B1743005D63AC /* Frameworks */,
				90E13273261B1743005D63AC /* Resources */,
				5160A9B88497293CD2B3421A /* [CP] Embed Pods Frameworks */,
			);
			buildRules = (
			);
			dependencies = (
				90E13277261B1743005D63AC /* PBXTargetDependency */,
			);
			name = "Flash CardUITests";
			productName = MemoriaUITests;
			productReference = 90E13275261B1743005D63AC /* Flash CardUITests.xctest */;
			productType = "com.apple.product-type.bundle.ui-testing";
		};
/* End PBXNativeTarget section */

/* Begin PBXProject section */
		90E1324C261B173D005D63AC /* Project object */ = {
			isa = PBXProject;
			attributes = {
				LastSwiftUpdateCheck = 1240;
				LastUpgradeCheck = 1240;
				TargetAttributes = {
					90E13253261B173D005D63AC = {
						CreatedOnToolsVersion = 12.4;
					};
					90E13269261B1743005D63AC = {
						CreatedOnToolsVersion = 12.4;
						TestTargetID = 90E13253261B173D005D63AC;
					};
					90E13274261B1743005D63AC = {
						CreatedOnToolsVersion = 12.4;
						TestTargetID = 90E13253261B173D005D63AC;
					};
				};
			};
			buildConfigurationList = 90E1324F261B173D005D63AC /* Build configuration list for PBXProject "Flash Card" */;
			compatibilityVersion = "Xcode 9.3";
			developmentRegion = en;
			hasScannedForEncodings = 0;
			knownRegions = (
				en,
				Base,
				ar,
			);
			mainGroup = 90E1324B261B173D005D63AC;
			productRefGroup = 90E13255261B173D005D63AC /* Products */;
			projectDirPath = "";
			projectRoot = "";
			targets = (
				90E13253261B173D005D63AC /* Flash Card */,
				90E13269261B1743005D63AC /* Flash CardTests */,
				90E13274261B1743005D63AC /* Flash CardUITests */,
			);
		};
/* End PBXProject section */

/* Begin PBXResourcesBuildPhase section */
		90E13252261B173D005D63AC /* Resources */ = {
			isa = PBXResourcesBuildPhase;
			buildActionMask = 2147483647;
			files = (
				9086186D2656A38E00ADB13A /* bluelogo.mp4 in Resources */,
				90E13264261B1743005D63AC /* LaunchScreen.storyboard in Resources */,
				90DB6CA72626EB2500BE9698 /* GroupCell.xib in Resources */,
				90D59BBA261E016300F98DAF /* AllPeopleCell.xib in Resources */,
				905BA48C262C482D00FBB34C /* InnerGroupCell.xib in Resources */,
				90346D84261F4D5400A9A058 /* SettingTVCell.xib in Resources */,
				9007A3FF2649344000DE91E4 /* notificationCardCVcell.xib in Resources */,
				90F400C4261DDD99005DE9CF /* Localizable.String.strings in Resources */,
				9033B5AF2644186A00D2E9DD /* NotificationCell.xib in Resources */,
				905BA484262C47F100FBB34C /* InnerGroupHeader.xib in Resources */,
				90CA763C262EF4C000A14331 /* NewCardImageCVCell.xib in Resources */,
				908E4806261F18AA0054E45D /* ProfieTVCell.xib in Resources */,
				90E13261261B1743005D63AC /* Assets.xcassets in Resources */,
				908E47FF261F17FE0054E45D /* HeaderTVCell.xib in Resources */,
				90E1325F261B173D005D63AC /* Main.storyboard in Resources */,
			);
			runOnlyForDeploymentPostprocessing = 0;
		};
		90E13268261B1743005D63AC /* Resources */ = {
			isa = PBXResourcesBuildPhase;
			buildActionMask = 2147483647;
			files = (
			);
			runOnlyForDeploymentPostprocessing = 0;
		};
		90E13273261B1743005D63AC /* Resources */ = {
			isa = PBXResourcesBuildPhase;
			buildActionMask = 2147483647;
			files = (
			);
			runOnlyForDeploymentPostprocessing = 0;
		};
/* End PBXResourcesBuildPhase section */

/* Begin PBXShellScriptBuildPhase section */
		04E8CD3B0A4D9EE5A32786FB /* [CP] Embed Pods Frameworks */ = {
			isa = PBXShellScriptBuildPhase;
			buildActionMask = 2147483647;
			files = (
			);
			inputFileListPaths = (
				"${PODS_ROOT}/Target Support Files/Pods-Flash Card/Pods-Flash Card-frameworks-${CONFIGURATION}-input-files.xcfilelist",
			);
			name = "[CP] Embed Pods Frameworks";
			outputFileListPaths = (
				"${PODS_ROOT}/Target Support Files/Pods-Flash Card/Pods-Flash Card-frameworks-${CONFIGURATION}-output-files.xcfilelist",
			);
			runOnlyForDeploymentPostprocessing = 0;
			shellPath = /bin/sh;
			shellScript = "\"${PODS_ROOT}/Target Support Files/Pods-Flash Card/Pods-Flash Card-frameworks.sh\"\n";
			showEnvVarsInLog = 0;
		};
		5160A9B88497293CD2B3421A /* [CP] Embed Pods Frameworks */ = {
			isa = PBXShellScriptBuildPhase;
			buildActionMask = 2147483647;
			files = (
			);
			inputFileListPaths = (
				"${PODS_ROOT}/Target Support Files/Pods-Flash Card-Flash CardUITests/Pods-Flash Card-Flash CardUITests-frameworks-${CONFIGURATION}-input-files.xcfilelist",
			);
			name = "[CP] Embed Pods Frameworks";
			outputFileListPaths = (
				"${PODS_ROOT}/Target Support Files/Pods-Flash Card-Flash CardUITests/Pods-Flash Card-Flash CardUITests-frameworks-${CONFIGURATION}-output-files.xcfilelist",
			);
			runOnlyForDeploymentPostprocessing = 0;
			shellPath = /bin/sh;
			shellScript = "\"${PODS_ROOT}/Target Support Files/Pods-Flash Card-Flash CardUITests/Pods-Flash Card-Flash CardUITests-frameworks.sh\"\n";
			showEnvVarsInLog = 0;
		};
		6DF184DB6EB24888E192B1AE /* [CP] Check Pods Manifest.lock */ = {
			isa = PBXShellScriptBuildPhase;
			buildActionMask = 2147483647;
			files = (
			);
			inputFileListPaths = (
			);
			inputPaths = (
				"${PODS_PODFILE_DIR_PATH}/Podfile.lock",
				"${PODS_ROOT}/Manifest.lock",
			);
			name = "[CP] Check Pods Manifest.lock";
			outputFileListPaths = (
			);
			outputPaths = (
				"$(DERIVED_FILE_DIR)/Pods-Flash Card-Flash CardUITests-checkManifestLockResult.txt",
			);
			runOnlyForDeploymentPostprocessing = 0;
			shellPath = /bin/sh;
			shellScript = "diff \"${PODS_PODFILE_DIR_PATH}/Podfile.lock\" \"${PODS_ROOT}/Manifest.lock\" > /dev/null\nif [ $? != 0 ] ; then\n    # print error to STDERR\n    echo \"error: The sandbox is not in sync with the Podfile.lock. Run 'pod install' or update your CocoaPods installation.\" >&2\n    exit 1\nfi\n# This output is used by Xcode 'outputs' to avoid re-running this script phase.\necho \"SUCCESS\" > \"${SCRIPT_OUTPUT_FILE_0}\"\n";
			showEnvVarsInLog = 0;
		};
		D3ED1FC536B39A39764D4047 /* [CP] Check Pods Manifest.lock */ = {
			isa = PBXShellScriptBuildPhase;
			buildActionMask = 2147483647;
			files = (
			);
			inputFileListPaths = (
			);
			inputPaths = (
				"${PODS_PODFILE_DIR_PATH}/Podfile.lock",
				"${PODS_ROOT}/Manifest.lock",
			);
			name = "[CP] Check Pods Manifest.lock";
			outputFileListPaths = (
			);
			outputPaths = (
				"$(DERIVED_FILE_DIR)/Pods-Flash CardTests-checkManifestLockResult.txt",
			);
			runOnlyForDeploymentPostprocessing = 0;
			shellPath = /bin/sh;
			shellScript = "diff \"${PODS_PODFILE_DIR_PATH}/Podfile.lock\" \"${PODS_ROOT}/Manifest.lock\" > /dev/null\nif [ $? != 0 ] ; then\n    # print error to STDERR\n    echo \"error: The sandbox is not in sync with the Podfile.lock. Run 'pod install' or update your CocoaPods installation.\" >&2\n    exit 1\nfi\n# This output is used by Xcode 'outputs' to avoid re-running this script phase.\necho \"SUCCESS\" > \"${SCRIPT_OUTPUT_FILE_0}\"\n";
			showEnvVarsInLog = 0;
		};
		D5C233A0101319ACB5739973 /* [CP] Check Pods Manifest.lock */ = {
			isa = PBXShellScriptBuildPhase;
			buildActionMask = 2147483647;
			files = (
			);
			inputFileListPaths = (
			);
			inputPaths = (
				"${PODS_PODFILE_DIR_PATH}/Podfile.lock",
				"${PODS_ROOT}/Manifest.lock",
			);
			name = "[CP] Check Pods Manifest.lock";
			outputFileListPaths = (
			);
			outputPaths = (
				"$(DERIVED_FILE_DIR)/Pods-Flash Card-checkManifestLockResult.txt",
			);
			runOnlyForDeploymentPostprocessing = 0;
			shellPath = /bin/sh;
			shellScript = "diff \"${PODS_PODFILE_DIR_PATH}/Podfile.lock\" \"${PODS_ROOT}/Manifest.lock\" > /dev/null\nif [ $? != 0 ] ; then\n    # print error to STDERR\n    echo \"error: The sandbox is not in sync with the Podfile.lock. Run 'pod install' or update your CocoaPods installation.\" >&2\n    exit 1\nfi\n# This output is used by Xcode 'outputs' to avoid re-running this script phase.\necho \"SUCCESS\" > \"${SCRIPT_OUTPUT_FILE_0}\"\n";
			showEnvVarsInLog = 0;
		};
/* End PBXShellScriptBuildPhase section */

/* Begin PBXSourcesBuildPhase section */
		90E13250261B173D005D63AC /* Sources */ = {
			isa = PBXSourcesBuildPhase;
			buildActionMask = 2147483647;
			files = (
				908E47FE261F17FE0054E45D /* HeaderTVCell.swift in Sources */,
				9033B59B2643F74C00D2E9DD /* RoundedImage.swift in Sources */,
				909922D4263EB606003C040D /* favouritesPlusCell.swift in Sources */,
				905BA483262C47F100FBB34C /* InnerGroupHeader.swift in Sources */,
				90A9B5C72622F52C00434F43 /* NotificationCenterVC.swift in Sources */,
				908E47F6261F17980054E45D /* ProfileVC.swift in Sources */,
				900F60742652CCF0002DB03D /* splashScreenVC.swift in Sources */,
				90E13258261B173D005D63AC /* AppDelegate.swift in Sources */,
				9007A3FE2649344000DE91E4 /* notificationCardCVcell.swift in Sources */,
				90BCC08A2631B7CA00221AB2 /* CardView.swift in Sources */,
				90D59BC7261E048100F98DAF /* UITableView+Extensions.swift in Sources */,
				90715929265D363300995E45 /* CheckConnection.swift in Sources */,
				90D59BB9261E016300F98DAF /* AllPeopleCell.swift in Sources */,
				909922D3263EB606003C040D /* FavouritesVC.swift in Sources */,
				90E1329B261B2148005D63AC /* Shared.swift in Sources */,
				90FABD0D264016AB008700D5 /* favouriteCell.swift in Sources */,
				90346D89261F502200A9A058 /* SettingVC.swift in Sources */,
				90DB6C962626DE7100BE9698 /* GroupsVC.swift in Sources */,
				90D59BB0261E005300F98DAF /* AllPeopleController.swift in Sources */,
				90E132B0261B24B0005D63AC /* CreatNewUser.swift in Sources */,
				90E132A8261B218B005D63AC /* EXTEnternet.swift in Sources */,
				90A9B5C22622F50F00434F43 /* EditProfileVC.swift in Sources */,
				9033B5AE2644186A00D2E9DD /* NotificationCell.swift in Sources */,
				9033B5A82644182400D2E9DD /* NotificationsVC.swift in Sources */,
				90715923265D350500995E45 /* Helper.swift in Sources */,
				901762AD266566D50023CB61 /* PostModel.swift in Sources */,
				908E4805261F18AA0054E45D /* ProfieTVCell.swift in Sources */,
				90DB6CA62626EB2500BE9698 /* GroupCell.swift in Sources */,
				905BA47A262C47BE00FBB34C /* innerGroupVC.swift in Sources */,
				90A9B5E82623184F00434F43 /* ShareAppVC.swift in Sources */,
				90A9B5E32623183800434F43 /* AboutUsVC.swift in Sources */,
				90CA763B262EF4C000A14331 /* NewCardImageCVCell.swift in Sources */,
				90346D83261F4D5400A9A058 /* SettingTVCell.swift in Sources */,
				90A9B5ED2623186600434F43 /* RateAppVC.swift in Sources */,
				906B13802691ED39005A7B33 /* API.swift in Sources */,
				901FA516265AAFC5004D0283 /* HomeTabBar.swift in Sources */,
				90EC2B83261C5E3800E58E5A /* AllCardsTVCell.swift in Sources */,
				90C34DE8269285C8001302AB /* APIRouter.swift in Sources */,
				9089DD4F269DAEFD0023E3B4 /* LogOutModel.swift in Sources */,
				90C34DD7269276B0001302AB /* LoginResponse.swift in Sources */,
				90D59B95261DEDF500F98DAF /* ResetPassword.swift in Sources */,
				90A9B5F32623188A00434F43 /* SignOutVC.swift in Sources */,
				906B137B2691D845005A7B33 /* Config.swift in Sources */,
				90A9B5DE2623181D00434F43 /* ContactUsVC.swift in Sources */,
				90CA7635262EF3F300A14331 /* UiCollectionView+Extension.swift in Sources */,
				90E13293261B20DA005D63AC /* Style.swift in Sources */,
				905BA48B262C482D00FBB34C /* InnerGroupCell.swift in Sources */,
				90AD0BE126481FE9006FB0EA /* NotificationCardsVC.swift in Sources */,
				90E132A3261B216D005D63AC /* EXTAlert.swift in Sources */,
				9090032E26285B65002F0D95 /* CreatNewCardVC.swift in Sources */,
				90E1325A261B173D005D63AC /* SceneDelegate.swift in Sources */,
				90DB6CB9262708B100BE9698 /* CreatGroupVC.swift in Sources */,
				90A9B5D6262317FF00434F43 /* StatisticsVC.swift in Sources */,
				90EC2B7D261C5D9F00E58E5A /* AllCardsVC.swift in Sources */,
				907397EC261B63B900380516 /* Login.swift in Sources */,
			);
			runOnlyForDeploymentPostprocessing = 0;
		};
		90E13266261B1743005D63AC /* Sources */ = {
			isa = PBXSourcesBuildPhase;
			buildActionMask = 2147483647;
			files = (
				90E1326F261B1743005D63AC /* MemoriaTests.swift in Sources */,
			);
			runOnlyForDeploymentPostprocessing = 0;
		};
		90E13271261B1743005D63AC /* Sources */ = {
			isa = PBXSourcesBuildPhase;
			buildActionMask = 2147483647;
			files = (
				90E1327A261B1743005D63AC /* MemoriaUITests.swift in Sources */,
			);
			runOnlyForDeploymentPostprocessing = 0;
		};
/* End PBXSourcesBuildPhase section */

/* Begin PBXTargetDependency section */
		90E1326C261B1743005D63AC /* PBXTargetDependency */ = {
			isa = PBXTargetDependency;
			target = 90E13253261B173D005D63AC /* Flash Card */;
			targetProxy = 90E1326B261B1743005D63AC /* PBXContainerItemProxy */;
		};
		90E13277261B1743005D63AC /* PBXTargetDependency */ = {
			isa = PBXTargetDependency;
			target = 90E13253261B173D005D63AC /* Flash Card */;
			targetProxy = 90E13276261B1743005D63AC /* PBXContainerItemProxy */;
		};
/* End PBXTargetDependency section */

/* Begin PBXVariantGroup section */
		90E1325D261B173D005D63AC /* Main.storyboard */ = {
			isa = PBXVariantGroup;
			children = (
				90E1325E261B173D005D63AC /* Base */,
				90F400C0261DDD77005DE9CF /* ar */,
			);
			name = Main.storyboard;
			sourceTree = "<group>";
		};
		90E13262261B1743005D63AC /* LaunchScreen.storyboard */ = {
			isa = PBXVariantGroup;
			children = (
				90E13263261B1743005D63AC /* Base */,
				90F400BF261DDD77005DE9CF /* ar */,
			);
			name = LaunchScreen.storyboard;
			sourceTree = "<group>";
		};
		90F400C6261DDD99005DE9CF /* Localizable.String.strings */ = {
			isa = PBXVariantGroup;
			children = (
				90F400C5261DDD99005DE9CF /* en */,
				90F400C7261DDDA1005DE9CF /* ar */,
			);
			name = Localizable.String.strings;
			sourceTree = "<group>";
		};
/* End PBXVariantGroup section */

/* Begin XCBuildConfiguration section */
		90E1327C261B1744005D63AC /* Debug */ = {
			isa = XCBuildConfiguration;
			buildSettings = {
				ALWAYS_SEARCH_USER_PATHS = NO;
				CLANG_ANALYZER_LOCALIZABILITY_NONLOCALIZED = YES;
				CLANG_ANALYZER_NONNULL = YES;
				CLANG_ANALYZER_NUMBER_OBJECT_CONVERSION = YES_AGGRESSIVE;
				CLANG_CXX_LANGUAGE_STANDARD = "gnu++14";
				CLANG_CXX_LIBRARY = "libc++";
				CLANG_ENABLE_MODULES = YES;
				CLANG_ENABLE_OBJC_ARC = YES;
				CLANG_ENABLE_OBJC_WEAK = YES;
				CLANG_WARN_BLOCK_CAPTURE_AUTORELEASING = YES;
				CLANG_WARN_BOOL_CONVERSION = YES;
				CLANG_WARN_COMMA = YES;
				CLANG_WARN_CONSTANT_CONVERSION = YES;
				CLANG_WARN_DEPRECATED_OBJC_IMPLEMENTATIONS = YES;
				CLANG_WARN_DIRECT_OBJC_ISA_USAGE = YES_ERROR;
				CLANG_WARN_DOCUMENTATION_COMMENTS = YES;
				CLANG_WARN_EMPTY_BODY = YES;
				CLANG_WARN_ENUM_CONVERSION = YES;
				CLANG_WARN_INFINITE_RECURSION = YES;
				CLANG_WARN_INT_CONVERSION = YES;
				CLANG_WARN_NON_LITERAL_NULL_CONVERSION = YES;
				CLANG_WARN_OBJC_IMPLICIT_RETAIN_SELF = YES;
				CLANG_WARN_OBJC_LITERAL_CONVERSION = YES;
				CLANG_WARN_OBJC_ROOT_CLASS = YES_ERROR;
				CLANG_WARN_QUOTED_INCLUDE_IN_FRAMEWORK_HEADER = YES;
				CLANG_WARN_RANGE_LOOP_ANALYSIS = YES;
				CLANG_WARN_STRICT_PROTOTYPES = YES;
				CLANG_WARN_SUSPICIOUS_MOVE = YES;
				CLANG_WARN_UNGUARDED_AVAILABILITY = YES_AGGRESSIVE;
				CLANG_WARN_UNREACHABLE_CODE = YES;
				CLANG_WARN__DUPLICATE_METHOD_MATCH = YES;
				COPY_PHASE_STRIP = NO;
				DEBUG_INFORMATION_FORMAT = dwarf;
				ENABLE_STRICT_OBJC_MSGSEND = YES;
				ENABLE_TESTABILITY = YES;
				GCC_C_LANGUAGE_STANDARD = gnu11;
				GCC_DYNAMIC_NO_PIC = NO;
				GCC_NO_COMMON_BLOCKS = YES;
				GCC_OPTIMIZATION_LEVEL = 0;
				GCC_PREPROCESSOR_DEFINITIONS = (
					"DEBUG=1",
					"$(inherited)",
				);
				GCC_WARN_64_TO_32_BIT_CONVERSION = YES;
				GCC_WARN_ABOUT_RETURN_TYPE = YES_ERROR;
				GCC_WARN_UNDECLARED_SELECTOR = YES;
				GCC_WARN_UNINITIALIZED_AUTOS = YES_AGGRESSIVE;
				GCC_WARN_UNUSED_FUNCTION = YES;
				GCC_WARN_UNUSED_VARIABLE = YES;
				IPHONEOS_DEPLOYMENT_TARGET = 14.4;
				MTL_ENABLE_DEBUG_INFO = INCLUDE_SOURCE;
				MTL_FAST_MATH = YES;
				ONLY_ACTIVE_ARCH = YES;
				SDKROOT = iphoneos;
				SWIFT_ACTIVE_COMPILATION_CONDITIONS = DEBUG;
				SWIFT_OPTIMIZATION_LEVEL = "-Onone";
			};
			name = Debug;
		};
		90E1327D261B1744005D63AC /* Release */ = {
			isa = XCBuildConfiguration;
			buildSettings = {
				ALWAYS_SEARCH_USER_PATHS = NO;
				CLANG_ANALYZER_LOCALIZABILITY_NONLOCALIZED = YES;
				CLANG_ANALYZER_NONNULL = YES;
				CLANG_ANALYZER_NUMBER_OBJECT_CONVERSION = YES_AGGRESSIVE;
				CLANG_CXX_LANGUAGE_STANDARD = "gnu++14";
				CLANG_CXX_LIBRARY = "libc++";
				CLANG_ENABLE_MODULES = YES;
				CLANG_ENABLE_OBJC_ARC = YES;
				CLANG_ENABLE_OBJC_WEAK = YES;
				CLANG_WARN_BLOCK_CAPTURE_AUTORELEASING = YES;
				CLANG_WARN_BOOL_CONVERSION = YES;
				CLANG_WARN_COMMA = YES;
				CLANG_WARN_CONSTANT_CONVERSION = YES;
				CLANG_WARN_DEPRECATED_OBJC_IMPLEMENTATIONS = YES;
				CLANG_WARN_DIRECT_OBJC_ISA_USAGE = YES_ERROR;
				CLANG_WARN_DOCUMENTATION_COMMENTS = YES;
				CLANG_WARN_EMPTY_BODY = YES;
				CLANG_WARN_ENUM_CONVERSION = YES;
				CLANG_WARN_INFINITE_RECURSION = YES;
				CLANG_WARN_INT_CONVERSION = YES;
				CLANG_WARN_NON_LITERAL_NULL_CONVERSION = YES;
				CLANG_WARN_OBJC_IMPLICIT_RETAIN_SELF = YES;
				CLANG_WARN_OBJC_LITERAL_CONVERSION = YES;
				CLANG_WARN_OBJC_ROOT_CLASS = YES_ERROR;
				CLANG_WARN_QUOTED_INCLUDE_IN_FRAMEWORK_HEADER = YES;
				CLANG_WARN_RANGE_LOOP_ANALYSIS = YES;
				CLANG_WARN_STRICT_PROTOTYPES = YES;
				CLANG_WARN_SUSPICIOUS_MOVE = YES;
				CLANG_WARN_UNGUARDED_AVAILABILITY = YES_AGGRESSIVE;
				CLANG_WARN_UNREACHABLE_CODE = YES;
				CLANG_WARN__DUPLICATE_METHOD_MATCH = YES;
				COPY_PHASE_STRIP = NO;
				DEBUG_INFORMATION_FORMAT = "dwarf-with-dsym";
				ENABLE_NS_ASSERTIONS = NO;
				ENABLE_STRICT_OBJC_MSGSEND = YES;
				GCC_C_LANGUAGE_STANDARD = gnu11;
				GCC_NO_COMMON_BLOCKS = YES;
				GCC_WARN_64_TO_32_BIT_CONVERSION = YES;
				GCC_WARN_ABOUT_RETURN_TYPE = YES_ERROR;
				GCC_WARN_UNDECLARED_SELECTOR = YES;
				GCC_WARN_UNINITIALIZED_AUTOS = YES_AGGRESSIVE;
				GCC_WARN_UNUSED_FUNCTION = YES;
				GCC_WARN_UNUSED_VARIABLE = YES;
				IPHONEOS_DEPLOYMENT_TARGET = 14.4;
				MTL_ENABLE_DEBUG_INFO = NO;
				MTL_FAST_MATH = YES;
				SDKROOT = iphoneos;
				SWIFT_COMPILATION_MODE = wholemodule;
				SWIFT_OPTIMIZATION_LEVEL = "-O";
				VALIDATE_PRODUCT = YES;
			};
			name = Release;
		};
		90E1327F261B1744005D63AC /* Debug */ = {
			isa = XCBuildConfiguration;
			baseConfigurationReference = 28759CD2A2C15450B4FF818E /* Pods-Flash Card.debug.xcconfig */;
			buildSettings = {
				ASSETCATALOG_COMPILER_APPICON_NAME = AppIcon;
				ASSETCATALOG_COMPILER_GLOBAL_ACCENT_COLOR_NAME = AccentColor;
				CODE_SIGN_IDENTITY = "Apple Development";
				CODE_SIGN_STYLE = Automatic;
				DEVELOPMENT_TEAM = 5S2882FKQQ;
				INFOPLIST_FILE = "Flash Card/Info.plist";
				LD_RUNPATH_SEARCH_PATHS = (
					"$(inherited)",
					"@executable_path/Frameworks",
				);
				PRODUCT_BUNDLE_IDENTIFIER = "Flash-Card-code-pro.FlashCard";
				PRODUCT_NAME = "$(TARGET_NAME)";
				PROVISIONING_PROFILE_SPECIFIER = "";
				SWIFT_VERSION = 5.0;
				TARGETED_DEVICE_FAMILY = "1,2";
			};
			name = Debug;
		};
		90E13280261B1744005D63AC /* Release */ = {
			isa = XCBuildConfiguration;
			baseConfigurationReference = 6BD834696091B26E9FFB3782 /* Pods-Flash Card.release.xcconfig */;
			buildSettings = {
				ASSETCATALOG_COMPILER_APPICON_NAME = AppIcon;
				ASSETCATALOG_COMPILER_GLOBAL_ACCENT_COLOR_NAME = AccentColor;
				CODE_SIGN_IDENTITY = "Apple Development";
				CODE_SIGN_STYLE = Automatic;
				DEVELOPMENT_TEAM = 5S2882FKQQ;
				INFOPLIST_FILE = "Flash Card/Info.plist";
				LD_RUNPATH_SEARCH_PATHS = (
					"$(inherited)",
					"@executable_path/Frameworks",
				);
				PRODUCT_BUNDLE_IDENTIFIER = "Flash-Card-code-pro.FlashCard";
				PRODUCT_NAME = "$(TARGET_NAME)";
				PROVISIONING_PROFILE_SPECIFIER = "";
				SWIFT_VERSION = 5.0;
				TARGETED_DEVICE_FAMILY = "1,2";
			};
			name = Release;
		};
		90E13282261B1744005D63AC /* Debug */ = {
			isa = XCBuildConfiguration;
			baseConfigurationReference = FFA8C32352E94761DF86EB44 /* Pods-Flash CardTests.debug.xcconfig */;
			buildSettings = {
				ALWAYS_EMBED_SWIFT_STANDARD_LIBRARIES = YES;
				BUNDLE_LOADER = "$(TEST_HOST)";
				CODE_SIGN_STYLE = Automatic;
				DEVELOPMENT_TEAM = 5S2882FKQQ;
				INFOPLIST_FILE = MemoriaTests/Info.plist;
				IPHONEOS_DEPLOYMENT_TARGET = 14.4;
				LD_RUNPATH_SEARCH_PATHS = (
					"$(inherited)",
					"@executable_path/Frameworks",
					"@loader_path/Frameworks",
				);
				PRODUCT_BUNDLE_IDENTIFIER = "Memoria-code-pro.MemoriaTests";
				PRODUCT_NAME = "$(TARGET_NAME)";
				SWIFT_VERSION = 5.0;
				TARGETED_DEVICE_FAMILY = "1,2";
				TEST_HOST = "$(BUILT_PRODUCTS_DIR)/Flash Card.app/Flash Card";
			};
			name = Debug;
		};
		90E13283261B1744005D63AC /* Release */ = {
			isa = XCBuildConfiguration;
			baseConfigurationReference = 7368510BFF32674EC925C63C /* Pods-Flash CardTests.release.xcconfig */;
			buildSettings = {
				ALWAYS_EMBED_SWIFT_STANDARD_LIBRARIES = YES;
				BUNDLE_LOADER = "$(TEST_HOST)";
				CODE_SIGN_STYLE = Automatic;
				DEVELOPMENT_TEAM = 5S2882FKQQ;
				INFOPLIST_FILE = MemoriaTests/Info.plist;
				IPHONEOS_DEPLOYMENT_TARGET = 14.4;
				LD_RUNPATH_SEARCH_PATHS = (
					"$(inherited)",
					"@executable_path/Frameworks",
					"@loader_path/Frameworks",
				);
				PRODUCT_BUNDLE_IDENTIFIER = "Memoria-code-pro.MemoriaTests";
				PRODUCT_NAME = "$(TARGET_NAME)";
				SWIFT_VERSION = 5.0;
				TARGETED_DEVICE_FAMILY = "1,2";
				TEST_HOST = "$(BUILT_PRODUCTS_DIR)/Flash Card.app/Flash Card";
			};
			name = Release;
		};
		90E13285261B1744005D63AC /* Debug */ = {
			isa = XCBuildConfiguration;
			baseConfigurationReference = B076471A52A65A3CBB6F2E1C /* Pods-Flash Card-Flash CardUITests.debug.xcconfig */;
			buildSettings = {
				ALWAYS_EMBED_SWIFT_STANDARD_LIBRARIES = YES;
				CODE_SIGN_STYLE = Automatic;
				DEVELOPMENT_TEAM = 5S2882FKQQ;
				INFOPLIST_FILE = MemoriaUITests/Info.plist;
				LD_RUNPATH_SEARCH_PATHS = (
					"$(inherited)",
					"@executable_path/Frameworks",
					"@loader_path/Frameworks",
				);
				PRODUCT_BUNDLE_IDENTIFIER = "Memoria-code-pro.MemoriaUITests";
				PRODUCT_NAME = "$(TARGET_NAME)";
				SWIFT_VERSION = 5.0;
				TARGETED_DEVICE_FAMILY = "1,2";
				TEST_TARGET_NAME = Memoria;
			};
			name = Debug;
		};
		90E13286261B1744005D63AC /* Release */ = {
			isa = XCBuildConfiguration;
			baseConfigurationReference = 16F66B5EFECFC56A23D5E75B /* Pods-Flash Card-Flash CardUITests.release.xcconfig */;
			buildSettings = {
				ALWAYS_EMBED_SWIFT_STANDARD_LIBRARIES = YES;
				CODE_SIGN_STYLE = Automatic;
				DEVELOPMENT_TEAM = 5S2882FKQQ;
				INFOPLIST_FILE = MemoriaUITests/Info.plist;
				LD_RUNPATH_SEARCH_PATHS = (
					"$(inherited)",
					"@executable_path/Frameworks",
					"@loader_path/Frameworks",
				);
				PRODUCT_BUNDLE_IDENTIFIER = "Memoria-code-pro.MemoriaUITests";
				PRODUCT_NAME = "$(TARGET_NAME)";
				SWIFT_VERSION = 5.0;
				TARGETED_DEVICE_FAMILY = "1,2";
				TEST_TARGET_NAME = Memoria;
			};
			name = Release;
		};
/* End XCBuildConfiguration section */

/* Begin XCConfigurationList section */
		90E1324F261B173D005D63AC /* Build configuration list for PBXProject "Flash Card" */ = {
			isa = XCConfigurationList;
			buildConfigurations = (
				90E1327C261B1744005D63AC /* Debug */,
				90E1327D261B1744005D63AC /* Release */,
			);
			defaultConfigurationIsVisible = 0;
			defaultConfigurationName = Release;
		};
		90E1327E261B1744005D63AC /* Build configuration list for PBXNativeTarget "Flash Card" */ = {
			isa = XCConfigurationList;
			buildConfigurations = (
				90E1327F261B1744005D63AC /* Debug */,
				90E13280261B1744005D63AC /* Release */,
			);
			defaultConfigurationIsVisible = 0;
			defaultConfigurationName = Release;
		};
		90E13281261B1744005D63AC /* Build configuration list for PBXNativeTarget "Flash CardTests" */ = {
			isa = XCConfigurationList;
			buildConfigurations = (
				90E13282261B1744005D63AC /* Debug */,
				90E13283261B1744005D63AC /* Release */,
			);
			defaultConfigurationIsVisible = 0;
			defaultConfigurationName = Release;
		};
		90E13284261B1744005D63AC /* Build configuration list for PBXNativeTarget "Flash CardUITests" */ = {
			isa = XCConfigurationList;
			buildConfigurations = (
				90E13285261B1744005D63AC /* Debug */,
				90E13286261B1744005D63AC /* Release */,
			);
			defaultConfigurationIsVisible = 0;
			defaultConfigurationName = Release;
		};
/* End XCConfigurationList section */
	};
	rootObject = 90E1324C261B173D005D63AC /* Project object */;
}
